// !$*UTF8*$!
{
	archiveVersion = 1;
	classes = {
	};
	objectVersion = 46;
	objects = {

/* Begin PBXBuildFile section */
		E7490B051BCAA04A000DCF52 /* main.cpp in Sources */ = {isa = PBXBuildFile; fileRef = E7490B041BCAA04A000DCF52 /* main.cpp */; };
		E7490B0C1BCAAC3D000DCF52 /* OpenGL.framework in Frameworks */ = {isa = PBXBuildFile; fileRef = E7490B0B1BCAAC3D000DCF52 /* OpenGL.framework */; };
		E7490B121BCAAFFB000DCF52 /* libglfw3.3.1.dylib in Frameworks */ = {isa = PBXBuildFile; fileRef = E7490B111BCAAFFB000DCF52 /* libglfw3.3.1.dylib */; };
		E7490B141BCAB018000DCF52 /* libGLEW.1.12.0.dylib in Frameworks */ = {isa = PBXBuildFile; fileRef = E7490B131BCAB018000DCF52 /* libGLEW.1.12.0.dylib */; };
		E76F40631BCF12DA00FF657C /* libSOIL.dylib in Frameworks */ = {isa = PBXBuildFile; fileRef = E76F40621BCF12DA00FF657C /* libSOIL.dylib */; };
/* End PBXBuildFile section */

/* Begin PBXCopyFilesBuildPhase section */
		E7490AFF1BCAA04A000DCF52 /* CopyFiles */ = {
			isa = PBXCopyFilesBuildPhase;
			buildActionMask = 2147483647;
			dstPath = /usr/share/man/man1/;
			dstSubfolderSpec = 0;
			files = (
			);
			runOnlyForDeploymentPostprocessing = 1;
		};
/* End PBXCopyFilesBuildPhase section */

/* Begin PBXFileReference section */
		E73F05801BCC7F65001C881D /* Shader.h */ = {isa = PBXFileReference; fileEncoding = 4; lastKnownFileType = sourcecode.c.h; path = Shader.h; sourceTree = "<group>"; };
		E73F05821BCC7FA0001C881D /* default.vs */ = {isa = PBXFileReference; fileEncoding = 4; lastKnownFileType = sourcecode.glsl; path = default.vs; sourceTree = "<group>"; };
		E73F05831BCC7FB6001C881D /* default.frag */ = {isa = PBXFileReference; fileEncoding = 4; lastKnownFileType = sourcecode.glsl; path = default.frag; sourceTree = "<group>"; };
		E7490B011BCAA04A000DCF52 /* opengl */ = {isa = PBXFileReference; explicitFileType = "compiled.mach-o.executable"; includeInIndex = 0; path = opengl; sourceTree = BUILT_PRODUCTS_DIR; };
		E7490B041BCAA04A000DCF52 /* main.cpp */ = {isa = PBXFileReference; lastKnownFileType = sourcecode.cpp.cpp; path = main.cpp; sourceTree = "<group>"; };
		E7490B0B1BCAAC3D000DCF52 /* OpenGL.framework */ = {isa = PBXFileReference; lastKnownFileType = wrapper.framework; name = OpenGL.framework; path = System/Library/Frameworks/OpenGL.framework; sourceTree = SDKROOT; };
		E7490B0D1BCAAEC0000DCF52 /* libglfw3.3.1.dylib */ = {isa = PBXFileReference; lastKnownFileType = "compiled.mach-o.dylib"; name = libglfw3.3.1.dylib; path = ../../Desktop/3.1.1/lib/libglfw3.3.1.dylib; sourceTree = "<group>"; };
		E7490B0F1BCAAEDC000DCF52 /* libGLEW.1.12.0.dylib */ = {isa = PBXFileReference; lastKnownFileType = "compiled.mach-o.dylib"; name = libGLEW.1.12.0.dylib; path = ../../Desktop/glew/1.12.0/lib/libGLEW.1.12.0.dylib; sourceTree = "<group>"; };
		E7490B111BCAAFFB000DCF52 /* libglfw3.3.1.dylib */ = {isa = PBXFileReference; lastKnownFileType = "compiled.mach-o.dylib"; name = libglfw3.3.1.dylib; path = ../../../../usr/local/Cellar/glfw3/3.1.1/lib/libglfw3.3.1.dylib; sourceTree = "<group>"; };
		E7490B131BCAB018000DCF52 /* libGLEW.1.12.0.dylib */ = {isa = PBXFileReference; lastKnownFileType = "compiled.mach-o.dylib"; name = libGLEW.1.12.0.dylib; path = ../../../../usr/local/Cellar/glew/1.12.0/lib/libGLEW.1.12.0.dylib; sourceTree = "<group>"; };
		E76F40621BCF12DA00FF657C /* libSOIL.dylib */ = {isa = PBXFileReference; lastKnownFileType = "compiled.mach-o.dylib"; name = libSOIL.dylib; path = ../../../../opt/local/lib/libSOIL.dylib; sourceTree = "<group>"; };
/* End PBXFileReference section */

/* Begin PBXFrameworksBuildPhase section */
		E7490AFE1BCAA04A000DCF52 /* Frameworks */ = {
			isa = PBXFrameworksBuildPhase;
			buildActionMask = 2147483647;
			files = (
				E76F40631BCF12DA00FF657C /* libSOIL.dylib in Frameworks */,
				E7490B141BCAB018000DCF52 /* libGLEW.1.12.0.dylib in Frameworks */,
				E7490B121BCAAFFB000DCF52 /* libglfw3.3.1.dylib in Frameworks */,
				E7490B0C1BCAAC3D000DCF52 /* OpenGL.framework in Frameworks */,
			);
			runOnlyForDeploymentPostprocessing = 0;
		};
/* End PBXFrameworksBuildPhase section */

/* Begin PBXGroup section */
		E7490AF81BCAA04A000DCF52 = {
			isa = PBXGroup;
			children = (
				E76F40621BCF12DA00FF657C /* libSOIL.dylib */,
				E7490B131BCAB018000DCF52 /* libGLEW.1.12.0.dylib */,
				E7490B111BCAAFFB000DCF52 /* libglfw3.3.1.dylib */,
				E7490B0F1BCAAEDC000DCF52 /* libGLEW.1.12.0.dylib */,
				E7490B0D1BCAAEC0000DCF52 /* libglfw3.3.1.dylib */,
				E7490B0B1BCAAC3D000DCF52 /* OpenGL.framework */,
				E7490B031BCAA04A000DCF52 /* opengl */,
				E7490B021BCAA04A000DCF52 /* Products */,
			);
			sourceTree = "<group>";
		};
		E7490B021BCAA04A000DCF52 /* Products */ = {
			isa = PBXGroup;
			children = (
				E7490B011BCAA04A000DCF52 /* opengl */,
			);
			name = Products;
			sourceTree = "<group>";
		};
		E7490B031BCAA04A000DCF52 /* opengl */ = {
			isa = PBXGroup;
			children = (
				E73F05821BCC7FA0001C881D /* default.vs */,
				E73F05831BCC7FB6001C881D /* default.frag */,
				E7490B041BCAA04A000DCF52 /* main.cpp */,
				E73F05801BCC7F65001C881D /* Shader.h */,
			);
			path = opengl;
			sourceTree = "<group>";
		};
/* End PBXGroup section */

/* Begin PBXNativeTarget section */
		E7490B001BCAA04A000DCF52 /* opengl */ = {
			isa = PBXNativeTarget;
			buildConfigurationList = E7490B081BCAA04A000DCF52 /* Build configuration list for PBXNativeTarget "opengl" */;
			buildPhases = (
				E7490AFD1BCAA04A000DCF52 /* Sources */,
				E7490AFE1BCAA04A000DCF52 /* Frameworks */,
				E7490AFF1BCAA04A000DCF52 /* CopyFiles */,
			);
			buildRules = (
			);
			dependencies = (
			);
			name = opengl;
			productName = opengl;
			productReference = E7490B011BCAA04A000DCF52 /* opengl */;
			productType = "com.apple.product-type.tool";
		};
/* End PBXNativeTarget section */

/* Begin PBXProject section */
		E7490AF91BCAA04A000DCF52 /* Project object */ = {
			isa = PBXProject;
			attributes = {
				LastUpgradeCheck = 0700;
				ORGANIZATIONNAME = "Luke Davitt";
				TargetAttributes = {
					E7490B001BCAA04A000DCF52 = {
						CreatedOnToolsVersion = 7.0.1;
					};
				};
			};
			buildConfigurationList = E7490AFC1BCAA04A000DCF52 /* Build configuration list for PBXProject "opengl" */;
			compatibilityVersion = "Xcode 3.2";
			developmentRegion = English;
			hasScannedForEncodings = 0;
			knownRegions = (
				en,
			);
			mainGroup = E7490AF81BCAA04A000DCF52;
			productRefGroup = E7490B021BCAA04A000DCF52 /* Products */;
			projectDirPath = "";
			projectRoot = "";
			targets = (
				E7490B001BCAA04A000DCF52 /* opengl */,
			);
		};
/* End PBXProject section */

/* Begin PBXSourcesBuildPhase section */
		E7490AFD1BCAA04A000DCF52 /* Sources */ = {
			isa = PBXSourcesBuildPhase;
			buildActionMask = 2147483647;
			files = (
				E7490B051BCAA04A000DCF52 /* main.cpp in Sources */,
			);
			runOnlyForDeploymentPostprocessing = 0;
		};
/* End PBXSourcesBuildPhase section */

/* Begin XCBuildConfiguration section */
		E7490B061BCAA04A000DCF52 /* Debug */ = {
			isa = XCBuildConfiguration;
			buildSettings = {
				ALWAYS_SEARCH_USER_PATHS = NO;
				CLANG_CXX_LANGUAGE_STANDARD = "gnu++0x";
				CLANG_CXX_LIBRARY = "libc++";
				CLANG_ENABLE_MODULES = YES;
				CLANG_ENABLE_OBJC_ARC = YES;
				CLANG_WARN_BOOL_CONVERSION = YES;
				CLANG_WARN_CONSTANT_CONVERSION = YES;
				CLANG_WARN_DIRECT_OBJC_ISA_USAGE = YES_ERROR;
				CLANG_WARN_EMPTY_BODY = YES;
				CLANG_WARN_ENUM_CONVERSION = YES;
				CLANG_WARN_INT_CONVERSION = YES;
				CLANG_WARN_OBJC_ROOT_CLASS = YES_ERROR;
				CLANG_WARN_UNREACHABLE_CODE = YES;
				CLANG_WARN__DUPLICATE_METHOD_MATCH = YES;
				COPY_PHASE_STRIP = NO;
				DEBUG_INFORMATION_FORMAT = dwarf;
				ENABLE_STRICT_OBJC_MSGSEND = YES;
				ENABLE_TESTABILITY = YES;
				GCC_C_LANGUAGE_STANDARD = gnu99;
				GCC_DYNAMIC_NO_PIC = NO;
				GCC_NO_COMMON_BLOCKS = YES;
				GCC_OPTIMIZATION_LEVEL = 0;
				GCC_PREPROCESSOR_DEFINITIONS = (
					"DEBUG=1",
					"$(inherited)",
				);
				GCC_WARN_64_TO_32_BIT_CONVERSION = YES;
				GCC_WARN_ABOUT_RETURN_TYPE = YES_ERROR;
				GCC_WARN_UNDECLARED_SELECTOR = YES;
				GCC_WARN_UNINITIALIZED_AUTOS = YES_AGGRESSIVE;
				GCC_WARN_UNUSED_FUNCTION = YES;
				GCC_WARN_UNUSED_VARIABLE = YES;
				MACOSX_DEPLOYMENT_TARGET = 10.11;
				MTL_ENABLE_DEBUG_INFO = YES;
				ONLY_ACTIVE_ARCH = YES;
				SDKROOT = macosx;
			};
			name = Debug;
		};
		E7490B071BCAA04A000DCF52 /* Release */ = {
			isa = XCBuildConfiguration;
			buildSettings = {
				ALWAYS_SEARCH_USER_PATHS = NO;
				CLANG_CXX_LANGUAGE_STANDARD = "gnu++0x";
				CLANG_CXX_LIBRARY = "libc++";
				CLANG_ENABLE_MODULES = YES;
				CLANG_ENABLE_OBJC_ARC = YES;
				CLANG_WARN_BOOL_CONVERSION = YES;
				CLANG_WARN_CONSTANT_CONVERSION = YES;
				CLANG_WARN_DIRECT_OBJC_ISA_USAGE = YES_ERROR;
				CLANG_WARN_EMPTY_BODY = YES;
				CLANG_WARN_ENUM_CONVERSION = YES;
				CLANG_WARN_INT_CONVERSION = YES;
				CLANG_WARN_OBJC_ROOT_CLASS = YES_ERROR;
				CLANG_WARN_UNREACHABLE_CODE = YES;
				CLANG_WARN__DUPLICATE_METHOD_MATCH = YES;
				COPY_PHASE_STRIP = NO;
				DEBUG_INFORMATION_FORMAT = "dwarf-with-dsym";
				ENABLE_NS_ASSERTIONS = NO;
				ENABLE_STRICT_OBJC_MSGSEND = YES;
				GCC_C_LANGUAGE_STANDARD = gnu99;
				GCC_NO_COMMON_BLOCKS = YES;
				GCC_WARN_64_TO_32_BIT_CONVERSION = YES;
				GCC_WARN_ABOUT_RETURN_TYPE = YES_ERROR;
				GCC_WARN_UNDECLARED_SELECTOR = YES;
				GCC_WARN_UNINITIALIZED_AUTOS = YES_AGGRESSIVE;
				GCC_WARN_UNUSED_FUNCTION = YES;
				GCC_WARN_UNUSED_VARIABLE = YES;
				MACOSX_DEPLOYMENT_TARGET = 10.11;
				MTL_ENABLE_DEBUG_INFO = NO;
				SDKROOT = macosx;
			};
			name = Release;
		};
		E7490B091BCAA04A000DCF52 /* Debug */ = {
			isa = XCBuildConfiguration;
			buildSettings = {
				"HEADER_SEARCH_PATHS[arch=*]" = (
					/usr/local/include,
					/opt/local/include,
				);
				LIBRARY_SEARCH_PATHS = (
					"$(inherited)",
					/usr/local/Cellar/glfw3/3.1.1/lib,
					/usr/local/Cellar/glew/1.12.0/lib,
					/opt/local/lib,
				);
				PRODUCT_NAME = "$(TARGET_NAME)";
			};
			name = Debug;
		};
		E7490B0A1BCAA04A000DCF52 /* Release */ = {
			isa = XCBuildConfiguration;
			buildSettings = {
				"HEADER_SEARCH_PATHS[arch=*]" = (
					/usr/local/include,
					/opt/local/include,
				);
				LIBRARY_SEARCH_PATHS = (
					"$(inherited)",
					/usr/local/Cellar/glfw3/3.1.1/lib,
					/usr/local/Cellar/glew/1.12.0/lib,
					/opt/local/lib,
				);
				PRODUCT_NAME = "$(TARGET_NAME)";
			};
			name = Release;
		};
/* End XCBuildConfiguration section */

/* Begin XCConfigurationList section */
		E7490AFC1BCAA04A000DCF52 /* Build configuration list for PBXProject "opengl" */ = {
			isa = XCConfigurationList;
			buildConfigurations = (
				E7490B061BCAA04A000DCF52 /* Debug */,
				E7490B071BCAA04A000DCF52 /* Release */,
			);
			defaultConfigurationIsVisible = 0;
			defaultConfigurationName = Release;
		};
		E7490B081BCAA04A000DCF52 /* Build configuration list for PBXNativeTarget "opengl" */ = {
			isa = XCConfigurationList;
			buildConfigurations = (
				E7490B091BCAA04A000DCF52 /* Debug */,
				E7490B0A1BCAA04A000DCF52 /* Release */,
			);
			defaultConfigurationIsVisible = 0;
			defaultConfigurationName = Release;
		};
/* End XCConfigurationList section */
	};
	rootObject = E7490AF91BCAA04A000DCF52 /* Project object */;
}
